
Microsoft Visual Studio Solution File, Format Version 12.00
# Visual Studio 14
VisualStudioVersion = 14.0.25123.0
MinimumVisualStudioVersion = 10.0.40219.1
Project("{FAE04EC0-301F-11D3-BF4B-00C04F79EFBC}") = "Reverse Numbers", "Reverse Numbers\Reverse Numbers.csproj", "{83D9C236-7760-40FE-82FC-8ED8546EA746}"
EndProject
Project("{FAE04EC0-301F-11D3-BF4B-00C04F79EFBC}") = "Basic Stack Operations", "Basic Stack Operations\Basic Stack Operations.csproj", "{55F387C0-4572-4A62-BBAD-52760F674573}"
EndProject
Project("{FAE04EC0-301F-11D3-BF4B-00C04F79EFBC}") = "Maximum Element", "Maximum Element\Maximum Element.csproj", "{D233C871-5C55-46D1-B2C6-1C1C64697F8C}"
EndProject
Project("{FAE04EC0-301F-11D3-BF4B-00C04F79EFBC}") = "Basic Queue Operation", "Basic Queue Operation\Basic Queue Operation.csproj", "{22BFB55C-95A5-49A2-999A-E2D3E501C823}"
EndProject
Global
	GlobalSection(SolutionConfigurationPlatforms) = preSolution
		Debug|Any CPU = Debug|Any CPU
		Release|Any CPU = Release|Any CPU
	EndGlobalSection
	GlobalSection(ProjectConfigurationPlatforms) = postSolution
		{83D9C236-7760-40FE-82FC-8ED8546EA746}.Debug|Any CPU.ActiveCfg = Debug|Any CPU
		{83D9C236-7760-40FE-82FC-8ED8546EA746}.Debug|Any CPU.Build.0 = Debug|Any CPU
		{83D9C236-7760-40FE-82FC-8ED8546EA746}.Release|Any CPU.ActiveCfg = Release|Any CPU
		{83D9C236-7760-40FE-82FC-8ED8546EA746}.Release|Any CPU.Build.0 = Release|Any CPU
		{55F387C0-4572-4A62-BBAD-52760F674573}.Debug|Any CPU.ActiveCfg = Debug|Any CPU
		{55F387C0-4572-4A62-BBAD-52760F674573}.Debug|Any CPU.Build.0 = Debug|Any CPU
		{55F387C0-4572-4A62-BBAD-52760F674573}.Release|Any CPU.ActiveCfg = Release|Any CPU
		{55F387C0-4572-4A62-BBAD-52760F674573}.Release|Any CPU.Build.0 = Release|Any CPU
		{D233C871-5C55-46D1-B2C6-1C1C64697F8C}.Debug|Any CPU.ActiveCfg = Debug|Any CPU
		{D233C871-5C55-46D1-B2C6-1C1C64697F8C}.Debug|Any CPU.Build.0 = Debug|Any CPU
		{D233C871-5C55-46D1-B2C6-1C1C64697F8C}.Release|Any CPU.ActiveCfg = Release|Any CPU
		{D233C871-5C55-46D1-B2C6-1C1C64697F8C}.Release|Any CPU.Build.0 = Release|Any CPU
		{22BFB55C-95A5-49A2-999A-E2D3E501C823}.Debug|Any CPU.ActiveCfg = Debug|Any CPU
		{22BFB55C-95A5-49A2-999A-E2D3E501C823}.Debug|Any CPU.Build.0 = Debug|Any CPU
		{22BFB55C-95A5-49A2-999A-E2D3E501C823}.Release|Any CPU.ActiveCfg = Release|Any CPU
		{22BFB55C-95A5-49A2-999A-E2D3E501C823}.Release|Any CPU.Build.0 = Release|Any CPU
	EndGlobalSection
	GlobalSection(SolutionProperties) = preSolution
		HideSolutionNode = FALSE
	EndGlobalSection
EndGlobal
